
Microsoft Visual Studio Solution File, Format Version 12.00
# Visual Studio Version 17
VisualStudioVersion = 17.1.32228.430
MinimumVisualStudioVersion = 10.0.40219.1
Project("{FAE04EC0-301F-11D3-BF4B-00C04F79EFBC}") = "ImageProject", "ImageProject\ImageProject.csproj", "{F02745B4-37E8-4162-861E-7F3056343141}"
EndProject
Global
	GlobalSection(SolutionConfigurationPlatforms) = preSolution
		Debug|Any CPU = Debug|Any CPU
		Release|Any CPU = Release|Any CPU
	EndGlobalSection
	GlobalSection(ProjectConfigurationPlatforms) = postSolution
		{F02745B4-37E8-4162-861E-7F3056343141}.Debug|Any CPU.ActiveCfg = Debug|Any CPU
		{F02745B4-37E8-4162-861E-7F3056343141}.Debug|Any CPU.Build.0 = Debug|Any CPU
		{F02745B4-37E8-4162-861E-7F3056343141}.Release|Any CPU.ActiveCfg = Release|Any CPU
		{F02745B4-37E8-4162-861E-7F3056343141}.Release|Any CPU.Build.0 = Release|Any CPU
	EndGlobalSection
	GlobalSection(SolutionProperties) = preSolution
		HideSolutionNode = FALSE
	EndGlobalSection
	GlobalSection(ExtensibilityGlobals) = postSolution
		SolutionGuid = {87463033-0209-4264-B59E-95B53BBA6245}
	EndGlobalSection
EndGlobal
